{
  "name": "02-install",
  "version": "1.0.0",
  "lockfileVersion": 2,
  "requires": true,
  "packages": {
    "": {
      "version": "1.0.0",
      "license": "ISC",
      "dependencies": {
        "dependency-management": "^0.0.1"
      }
    },
    "node_modules/dependency-management": {
      "version": "0.0.1",
      "resolved": "https://registry.npmjs.org/dependency-management/-/dependency-management-0.0.1.tgz",
      "integrity": "sha512-MC8iKeBLR+iOFl+JEBRHrYqkC5HLFwe/JxbGPZPLBU5mPg49NbZkuh/J41HxpedmpbjAl+aRtoIC15nwvDei6Q=="
    }
  },
  "dependencies": {
    "dependency-management": {
      "version": "0.0.1",
      "resolved": "https://registry.npmjs.org/dependency-management/-/dependency-management-0.0.1.tgz",
      "integrity": "sha512-MC8iKeBLR+iOFl+JEBRHrYqkC5HLFwe/JxbGPZPLBU5mPg49NbZkuh/J41HxpedmpbjAl+aRtoIC15nwvDei6Q=="
    }
  }
}
